// !$*UTF8*$!
{
	archiveVersion = 1;
	classes = {
	};
	objectVersion = 50;
	objects = {

/* Begin PBXBuildFile section */
		85D78003C77D1D7FC58D832F /* libPods-OCTools.a in Frameworks */ = {isa = PBXBuildFile; fileRef = 6108B33AF8512E8E33C25C32 /* libPods-OCTools.a */; };
		CB50EDB92193D2E400485628 /* Reachability.m in Sources */ = {isa = PBXBuildFile; fileRef = CB50EDB82193D2E400485628 /* Reachability.m */; };
		CB50EDBB2193D33700485628 /* SystemConfiguration.framework in Frameworks */ = {isa = PBXBuildFile; fileRef = CB50EDBA2193D33700485628 /* SystemConfiguration.framework */; };
		CB50EDBE21940EAA00485628 /* MenuAndItemsView.m in Sources */ = {isa = PBXBuildFile; fileRef = CB50EDBD21940EAA00485628 /* MenuAndItemsView.m */; };
		CB50EDC12194174300485628 /* MenuAndItemsViewController.m in Sources */ = {isa = PBXBuildFile; fileRef = CB50EDC02194174300485628 /* MenuAndItemsViewController.m */; };
		CB50EDC4219523D000485628 /* ImagesPickView.m in Sources */ = {isa = PBXBuildFile; fileRef = CB50EDC3219523D000485628 /* ImagesPickView.m */; };
		CB50EDC72195584100485628 /* ImagePickViewController.m in Sources */ = {isa = PBXBuildFile; fileRef = CB50EDC62195584100485628 /* ImagePickViewController.m */; };
		CB50EDCA21956B6900485628 /* AuthorizationManager.m in Sources */ = {isa = PBXBuildFile; fileRef = CB50EDC921956B6900485628 /* AuthorizationManager.m */; };
		CB50EDCD219573F200485628 /* AuthorizationViewController.m in Sources */ = {isa = PBXBuildFile; fileRef = CB50EDCC219573F200485628 /* AuthorizationViewController.m */; };
		CB50EDD02199181800485628 /* AlertView.m in Sources */ = {isa = PBXBuildFile; fileRef = CB50EDCF2199181800485628 /* AlertView.m */; };
		CB50EDD321991C8A00485628 /* UIView+Extension.m in Sources */ = {isa = PBXBuildFile; fileRef = CB50EDD221991C8A00485628 /* UIView+Extension.m */; };
		CB50EDD621991DB900485628 /* AlertViewController.m in Sources */ = {isa = PBXBuildFile; fileRef = CB50EDD521991DB900485628 /* AlertViewController.m */; };
		CB50EDD921994A6700485628 /* BaseWebViewController.m in Sources */ = {isa = PBXBuildFile; fileRef = CB50EDD821994A6700485628 /* BaseWebViewController.m */; };
		CB50EDDC2199630100485628 /* UIButton+Extension.m in Sources */ = {isa = PBXBuildFile; fileRef = CB50EDDB2199630100485628 /* UIButton+Extension.m */; };
		CB50EDDF2199650400485628 /* NSString+Extension.m in Sources */ = {isa = PBXBuildFile; fileRef = CB50EDDE2199650400485628 /* NSString+Extension.m */; };
		CB6F9F642186A6BC00352C60 /* AppDelegate.m in Sources */ = {isa = PBXBuildFile; fileRef = CB6F9F632186A6BC00352C60 /* AppDelegate.m */; };
		CB6F9F6A2186A6BC00352C60 /* Main.storyboard in Resources */ = {isa = PBXBuildFile; fileRef = CB6F9F682186A6BC00352C60 /* Main.storyboard */; };
		CB6F9F6C2186A6C700352C60 /* Assets.xcassets in Resources */ = {isa = PBXBuildFile; fileRef = CB6F9F6B2186A6C700352C60 /* Assets.xcassets */; };
		CB6F9F6F2186A6C700352C60 /* LaunchScreen.storyboard in Resources */ = {isa = PBXBuildFile; fileRef = CB6F9F6D2186A6C700352C60 /* LaunchScreen.storyboard */; };
		CB6F9F722186A6C700352C60 /* main.m in Sources */ = {isa = PBXBuildFile; fileRef = CB6F9F712186A6C700352C60 /* main.m */; };
		CB6F9F7C2186A6C700352C60 /* OCToolsTests.m in Sources */ = {isa = PBXBuildFile; fileRef = CB6F9F7B2186A6C700352C60 /* OCToolsTests.m */; };
		CB6F9F872186A6C700352C60 /* OCToolsUITests.m in Sources */ = {isa = PBXBuildFile; fileRef = CB6F9F862186A6C700352C60 /* OCToolsUITests.m */; };
		CB6F9F992186AB2D00352C60 /* UIView+Specification.m in Sources */ = {isa = PBXBuildFile; fileRef = CB6F9F982186AB2D00352C60 /* UIView+Specification.m */; };
		CB6F9F9D2186DAE100352C60 /* BaseTabBarController.m in Sources */ = {isa = PBXBuildFile; fileRef = CB6F9F9C2186DAE100352C60 /* BaseTabBarController.m */; };
		CB6F9FA9218831C700352C60 /* CustomTabBar.m in Sources */ = {isa = PBXBuildFile; fileRef = CB6F9FA8218831C700352C60 /* CustomTabBar.m */; };
		CB6F9FAC218838FE00352C60 /* BaseNavigationController.m in Sources */ = {isa = PBXBuildFile; fileRef = CB6F9FAB218838FE00352C60 /* BaseNavigationController.m */; };
		CB6F9FB021884D5200352C60 /* BaseViewController.m in Sources */ = {isa = PBXBuildFile; fileRef = CB6F9FAF21884D5200352C60 /* BaseViewController.m */; };
		CB6F9FB321894FE500352C60 /* UIImage+Extension.m in Sources */ = {isa = PBXBuildFile; fileRef = CB6F9FB221894FE500352C60 /* UIImage+Extension.m */; };
		CB6F9FB62189526800352C60 /* UIColor+Extension.m in Sources */ = {isa = PBXBuildFile; fileRef = CB6F9FB52189526800352C60 /* UIColor+Extension.m */; };
		CB6F9FBA218958CD00352C60 /* Item1ViewController.m in Sources */ = {isa = PBXBuildFile; fileRef = CB6F9FB9218958CD00352C60 /* Item1ViewController.m */; };
		CB6F9FBD2189592500352C60 /* Item2ViewController.m in Sources */ = {isa = PBXBuildFile; fileRef = CB6F9FBC2189592500352C60 /* Item2ViewController.m */; };
		CB6F9FC0218A83B800352C60 /* BaseTableView.m in Sources */ = {isa = PBXBuildFile; fileRef = CB6F9FBF218A83B800352C60 /* BaseTableView.m */; };
		CB6F9FC6218AA6EC00352C60 /* UpView.m in Sources */ = {isa = PBXBuildFile; fileRef = CB6F9FC5218AA6EC00352C60 /* UpView.m */; };
		CB6F9FC9218ADC8800352C60 /* DatePickerView.m in Sources */ = {isa = PBXBuildFile; fileRef = CB6F9FC8218ADC8800352C60 /* DatePickerView.m */; };
		CB6F9FCD218BE9E200352C60 /* address.json in Resources */ = {isa = PBXBuildFile; fileRef = CB6F9FCC218BE9E200352C60 /* address.json */; };
		CB6F9FD0218BEAEA00352C60 /* AddressPickView.m in Sources */ = {isa = PBXBuildFile; fileRef = CB6F9FCF218BEAEA00352C60 /* AddressPickView.m */; };
		CB6F9FE8218FEB4700352C60 /* TAAbstractDotView.m in Sources */ = {isa = PBXBuildFile; fileRef = CB6F9FDB218FEB4700352C60 /* TAAbstractDotView.m */; };
		CB6F9FE9218FEB4700352C60 /* TAAnimatedDotView.m in Sources */ = {isa = PBXBuildFile; fileRef = CB6F9FDD218FEB4700352C60 /* TAAnimatedDotView.m */; };
		CB6F9FEA218FEB4700352C60 /* TADotView.m in Sources */ = {isa = PBXBuildFile; fileRef = CB6F9FDF218FEB4700352C60 /* TADotView.m */; };
		CB6F9FEB218FEB4700352C60 /* TAPageControl.m in Sources */ = {isa = PBXBuildFile; fileRef = CB6F9FE1218FEB4700352C60 /* TAPageControl.m */; };
		CB6F9FEC218FEB4700352C60 /* SDCollectionViewCell.m in Sources */ = {isa = PBXBuildFile; fileRef = CB6F9FE3218FEB4700352C60 /* SDCollectionViewCell.m */; };
		CB6F9FED218FEB4700352C60 /* SDCycleScrollView.m in Sources */ = {isa = PBXBuildFile; fileRef = CB6F9FE5218FEB4700352C60 /* SDCycleScrollView.m */; };
		CB6F9FEE218FEB4700352C60 /* UIView+SDExtension.m in Sources */ = {isa = PBXBuildFile; fileRef = CB6F9FE7218FEB4700352C60 /* UIView+SDExtension.m */; };
		CB6F9FF1218FEB7F00352C60 /* CycleViewController.m in Sources */ = {isa = PBXBuildFile; fileRef = CB6F9FF0218FEB7F00352C60 /* CycleViewController.m */; };
		CB6F9FF4218FF28200352C60 /* StarRateView.m in Sources */ = {isa = PBXBuildFile; fileRef = CB6F9FF3218FF28200352C60 /* StarRateView.m */; };
		CB6F9FF72190145400352C60 /* StarRateViewController.m in Sources */ = {isa = PBXBuildFile; fileRef = CB6F9FF62190145400352C60 /* StarRateViewController.m */; };
		CB6F9FFA21901F9C00352C60 /* PopMenuView.m in Sources */ = {isa = PBXBuildFile; fileRef = CB6F9FF921901F9C00352C60 /* PopMenuView.m */; };
		CB6F9FFD2190214F00352C60 /* YCMenuView.m in Sources */ = {isa = PBXBuildFile; fileRef = CB6F9FFB2190214F00352C60 /* YCMenuView.m */; };
		CB6FA0002190263900352C60 /* ScrollMenuView.m in Sources */ = {isa = PBXBuildFile; fileRef = CB6F9FFF2190263900352C60 /* ScrollMenuView.m */; };
		CB6FA003219034AF00352C60 /* ScrollMenuViewController.m in Sources */ = {isa = PBXBuildFile; fileRef = CB6FA002219034AF00352C60 /* ScrollMenuViewController.m */; };
		CB6FA0092191366F00352C60 /* RemindView.m in Sources */ = {isa = PBXBuildFile; fileRef = CB6FA0082191366F00352C60 /* RemindView.m */; };
		CB6FA00C2191738A00352C60 /* PromptView.m in Sources */ = {isa = PBXBuildFile; fileRef = CB6FA00B2191738A00352C60 /* PromptView.m */; };
		CB6FA00F219182D500352C60 /* LoadingView.m in Sources */ = {isa = PBXBuildFile; fileRef = CB6FA00E219182D500352C60 /* LoadingView.m */; };
		CB6FA01321928D2F00352C60 /* RequestManager.m in Sources */ = {isa = PBXBuildFile; fileRef = CB6FA01221928D2F00352C60 /* RequestManager.m */; };
/* End PBXBuildFile section */

/* Begin PBXContainerItemProxy section */
		CB6F9F782186A6C700352C60 /* PBXContainerItemProxy */ = {
			isa = PBXContainerItemProxy;
			containerPortal = CB6F9F572186A6BC00352C60 /* Project object */;
			proxyType = 1;
			remoteGlobalIDString = CB6F9F5E2186A6BC00352C60;
			remoteInfo = OCTools;
		};
		CB6F9F832186A6C700352C60 /* PBXContainerItemProxy */ = {
			isa = PBXContainerItemProxy;
			containerPortal = CB6F9F572186A6BC00352C60 /* Project object */;
			proxyType = 1;
			remoteGlobalIDString = CB6F9F5E2186A6BC00352C60;
			remoteInfo = OCTools;
		};
/* End PBXContainerItemProxy section */

/* Begin PBXFileReference section */
		6108B33AF8512E8E33C25C32 /* libPods-OCTools.a */ = {isa = PBXFileReference; explicitFileType = archive.ar; includeInIndex = 0; path = "libPods-OCTools.a"; sourceTree = BUILT_PRODUCTS_DIR; };
		682E95383E02A4D49C1BC58B /* Pods-OCTools.debug.xcconfig */ = {isa = PBXFileReference; includeInIndex = 1; lastKnownFileType = text.xcconfig; name = "Pods-OCTools.debug.xcconfig"; path = "Pods/Target Support Files/Pods-OCTools/Pods-OCTools.debug.xcconfig"; sourceTree = "<group>"; };
		C1C1B2A14FF4B056BB8CE8C3 /* Pods-OCTools.release.xcconfig */ = {isa = PBXFileReference; includeInIndex = 1; lastKnownFileType = text.xcconfig; name = "Pods-OCTools.release.xcconfig"; path = "Pods/Target Support Files/Pods-OCTools/Pods-OCTools.release.xcconfig"; sourceTree = "<group>"; };
		CB50EDB72193D2E400485628 /* Reachability.h */ = {isa = PBXFileReference; fileEncoding = 4; lastKnownFileType = sourcecode.c.h; path = Reachability.h; sourceTree = "<group>"; };
		CB50EDB82193D2E400485628 /* Reachability.m */ = {isa = PBXFileReference; fileEncoding = 4; lastKnownFileType = sourcecode.c.objc; path = Reachability.m; sourceTree = "<group>"; };
		CB50EDBA2193D33700485628 /* SystemConfiguration.framework */ = {isa = PBXFileReference; lastKnownFileType = wrapper.framework; name = SystemConfiguration.framework; path = System/Library/Frameworks/SystemConfiguration.framework; sourceTree = SDKROOT; };
		CB50EDBC21940EAA00485628 /* MenuAndItemsView.h */ = {isa = PBXFileReference; lastKnownFileType = sourcecode.c.h; path = MenuAndItemsView.h; sourceTree = "<group>"; };
		CB50EDBD21940EAA00485628 /* MenuAndItemsView.m */ = {isa = PBXFileReference; lastKnownFileType = sourcecode.c.objc; path = MenuAndItemsView.m; sourceTree = "<group>"; };
		CB50EDBF2194174300485628 /* MenuAndItemsViewController.h */ = {isa = PBXFileReference; lastKnownFileType = sourcecode.c.h; path = MenuAndItemsViewController.h; sourceTree = "<group>"; };
		CB50EDC02194174300485628 /* MenuAndItemsViewController.m */ = {isa = PBXFileReference; lastKnownFileType = sourcecode.c.objc; path = MenuAndItemsViewController.m; sourceTree = "<group>"; };
		CB50EDC2219523D000485628 /* ImagesPickView.h */ = {isa = PBXFileReference; lastKnownFileType = sourcecode.c.h; path = ImagesPickView.h; sourceTree = "<group>"; };
		CB50EDC3219523D000485628 /* ImagesPickView.m */ = {isa = PBXFileReference; lastKnownFileType = sourcecode.c.objc; path = ImagesPickView.m; sourceTree = "<group>"; };
		CB50EDC52195584100485628 /* ImagePickViewController.h */ = {isa = PBXFileReference; lastKnownFileType = sourcecode.c.h; path = ImagePickViewController.h; sourceTree = "<group>"; };
		CB50EDC62195584100485628 /* ImagePickViewController.m */ = {isa = PBXFileReference; lastKnownFileType = sourcecode.c.objc; path = ImagePickViewController.m; sourceTree = "<group>"; };
		CB50EDC821956B6900485628 /* AuthorizationManager.h */ = {isa = PBXFileReference; lastKnownFileType = sourcecode.c.h; path = AuthorizationManager.h; sourceTree = "<group>"; };
		CB50EDC921956B6900485628 /* AuthorizationManager.m */ = {isa = PBXFileReference; lastKnownFileType = sourcecode.c.objc; path = AuthorizationManager.m; sourceTree = "<group>"; };
		CB50EDCB219573F200485628 /* AuthorizationViewController.h */ = {isa = PBXFileReference; lastKnownFileType = sourcecode.c.h; path = AuthorizationViewController.h; sourceTree = "<group>"; };
		CB50EDCC219573F200485628 /* AuthorizationViewController.m */ = {isa = PBXFileReference; lastKnownFileType = sourcecode.c.objc; path = AuthorizationViewController.m; sourceTree = "<group>"; };
		CB50EDCE2199181800485628 /* AlertView.h */ = {isa = PBXFileReference; lastKnownFileType = sourcecode.c.h; path = AlertView.h; sourceTree = "<group>"; };
		CB50EDCF2199181800485628 /* AlertView.m */ = {isa = PBXFileReference; lastKnownFileType = sourcecode.c.objc; path = AlertView.m; sourceTree = "<group>"; };
		CB50EDD121991C8A00485628 /* UIView+Extension.h */ = {isa = PBXFileReference; lastKnownFileType = sourcecode.c.h; path = "UIView+Extension.h"; sourceTree = "<group>"; };
		CB50EDD221991C8A00485628 /* UIView+Extension.m */ = {isa = PBXFileReference; lastKnownFileType = sourcecode.c.objc; path = "UIView+Extension.m"; sourceTree = "<group>"; };
		CB50EDD421991DB900485628 /* AlertViewController.h */ = {isa = PBXFileReference; lastKnownFileType = sourcecode.c.h; path = AlertViewController.h; sourceTree = "<group>"; };
		CB50EDD521991DB900485628 /* AlertViewController.m */ = {isa = PBXFileReference; lastKnownFileType = sourcecode.c.objc; path = AlertViewController.m; sourceTree = "<group>"; };
		CB50EDD721994A6700485628 /* BaseWebViewController.h */ = {isa = PBXFileReference; lastKnownFileType = sourcecode.c.h; path = BaseWebViewController.h; sourceTree = "<group>"; };
		CB50EDD821994A6700485628 /* BaseWebViewController.m */ = {isa = PBXFileReference; lastKnownFileType = sourcecode.c.objc; path = BaseWebViewController.m; sourceTree = "<group>"; };
		CB50EDDA2199630100485628 /* UIButton+Extension.h */ = {isa = PBXFileReference; lastKnownFileType = sourcecode.c.h; path = "UIButton+Extension.h"; sourceTree = "<group>"; };
		CB50EDDB2199630100485628 /* UIButton+Extension.m */ = {isa = PBXFileReference; lastKnownFileType = sourcecode.c.objc; path = "UIButton+Extension.m"; sourceTree = "<group>"; };
		CB50EDDD2199650400485628 /* NSString+Extension.h */ = {isa = PBXFileReference; lastKnownFileType = sourcecode.c.h; path = "NSString+Extension.h"; sourceTree = "<group>"; };
		CB50EDDE2199650400485628 /* NSString+Extension.m */ = {isa = PBXFileReference; lastKnownFileType = sourcecode.c.objc; path = "NSString+Extension.m"; sourceTree = "<group>"; };
		CB50EDE02199670B00485628 /* Security.framework */ = {isa = PBXFileReference; lastKnownFileType = wrapper.framework; name = Security.framework; path = System/Library/Frameworks/Security.framework; sourceTree = SDKROOT; };
		CB6F9F5F2186A6BC00352C60 /* OCTools.app */ = {isa = PBXFileReference; explicitFileType = wrapper.application; includeInIndex = 0; path = OCTools.app; sourceTree = BUILT_PRODUCTS_DIR; };
		CB6F9F622186A6BC00352C60 /* AppDelegate.h */ = {isa = PBXFileReference; lastKnownFileType = sourcecode.c.h; path = AppDelegate.h; sourceTree = "<group>"; };
		CB6F9F632186A6BC00352C60 /* AppDelegate.m */ = {isa = PBXFileReference; lastKnownFileType = sourcecode.c.objc; path = AppDelegate.m; sourceTree = "<group>"; };
		CB6F9F692186A6BC00352C60 /* Base */ = {isa = PBXFileReference; lastKnownFileType = file.storyboard; name = Base; path = Base.lproj/Main.storyboard; sourceTree = "<group>"; };
		CB6F9F6B2186A6C700352C60 /* Assets.xcassets */ = {isa = PBXFileReference; lastKnownFileType = folder.assetcatalog; path = Assets.xcassets; sourceTree = "<group>"; };
		CB6F9F6E2186A6C700352C60 /* Base */ = {isa = PBXFileReference; lastKnownFileType = file.storyboard; name = Base; path = Base.lproj/LaunchScreen.storyboard; sourceTree = "<group>"; };
		CB6F9F702186A6C700352C60 /* Info.plist */ = {isa = PBXFileReference; lastKnownFileType = text.plist.xml; path = Info.plist; sourceTree = "<group>"; };
		CB6F9F712186A6C700352C60 /* main.m */ = {isa = PBXFileReference; lastKnownFileType = sourcecode.c.objc; path = main.m; sourceTree = "<group>"; };
		CB6F9F772186A6C700352C60 /* OCToolsTests.xctest */ = {isa = PBXFileReference; explicitFileType = wrapper.cfbundle; includeInIndex = 0; path = OCToolsTests.xctest; sourceTree = BUILT_PRODUCTS_DIR; };
		CB6F9F7B2186A6C700352C60 /* OCToolsTests.m */ = {isa = PBXFileReference; lastKnownFileType = sourcecode.c.objc; path = OCToolsTests.m; sourceTree = "<group>"; };
		CB6F9F7D2186A6C700352C60 /* Info.plist */ = {isa = PBXFileReference; lastKnownFileType = text.plist.xml; path = Info.plist; sourceTree = "<group>"; };
		CB6F9F822186A6C700352C60 /* OCToolsUITests.xctest */ = {isa = PBXFileReference; explicitFileType = wrapper.cfbundle; includeInIndex = 0; path = OCToolsUITests.xctest; sourceTree = BUILT_PRODUCTS_DIR; };
		CB6F9F862186A6C700352C60 /* OCToolsUITests.m */ = {isa = PBXFileReference; lastKnownFileType = sourcecode.c.objc; path = OCToolsUITests.m; sourceTree = "<group>"; };
		CB6F9F882186A6C700352C60 /* Info.plist */ = {isa = PBXFileReference; lastKnownFileType = text.plist.xml; path = Info.plist; sourceTree = "<group>"; };
		CB6F9F972186AB2C00352C60 /* UIView+Specification.h */ = {isa = PBXFileReference; lastKnownFileType = sourcecode.c.h; path = "UIView+Specification.h"; sourceTree = "<group>"; };
		CB6F9F982186AB2D00352C60 /* UIView+Specification.m */ = {isa = PBXFileReference; lastKnownFileType = sourcecode.c.objc; path = "UIView+Specification.m"; sourceTree = "<group>"; };
		CB6F9F9B2186DAE100352C60 /* BaseTabBarController.h */ = {isa = PBXFileReference; lastKnownFileType = sourcecode.c.h; path = BaseTabBarController.h; sourceTree = "<group>"; };
		CB6F9F9C2186DAE100352C60 /* BaseTabBarController.m */ = {isa = PBXFileReference; lastKnownFileType = sourcecode.c.objc; path = BaseTabBarController.m; sourceTree = "<group>"; };
		CB6F9FA7218831C700352C60 /* CustomTabBar.h */ = {isa = PBXFileReference; lastKnownFileType = sourcecode.c.h; path = CustomTabBar.h; sourceTree = "<group>"; };
		CB6F9FA8218831C700352C60 /* CustomTabBar.m */ = {isa = PBXFileReference; lastKnownFileType = sourcecode.c.objc; path = CustomTabBar.m; sourceTree = "<group>"; };
		CB6F9FAA218838FE00352C60 /* BaseNavigationController.h */ = {isa = PBXFileReference; lastKnownFileType = sourcecode.c.h; path = BaseNavigationController.h; sourceTree = "<group>"; };
		CB6F9FAB218838FE00352C60 /* BaseNavigationController.m */ = {isa = PBXFileReference; lastKnownFileType = sourcecode.c.objc; path = BaseNavigationController.m; sourceTree = "<group>"; };
		CB6F9FAD21883CFB00352C60 /* PrefixHeader.pch */ = {isa = PBXFileReference; lastKnownFileType = sourcecode.c.h; path = PrefixHeader.pch; sourceTree = "<group>"; };
		CB6F9FAE21884D5200352C60 /* BaseViewController.h */ = {isa = PBXFileReference; lastKnownFileType = sourcecode.c.h; path = BaseViewController.h; sourceTree = "<group>"; };
		CB6F9FAF21884D5200352C60 /* BaseViewController.m */ = {isa = PBXFileReference; lastKnownFileType = sourcecode.c.objc; path = BaseViewController.m; sourceTree = "<group>"; };
		CB6F9FB121894FE500352C60 /* UIImage+Extension.h */ = {isa = PBXFileReference; lastKnownFileType = sourcecode.c.h; path = "UIImage+Extension.h"; sourceTree = "<group>"; };
		CB6F9FB221894FE500352C60 /* UIImage+Extension.m */ = {isa = PBXFileReference; lastKnownFileType = sourcecode.c.objc; path = "UIImage+Extension.m"; sourceTree = "<group>"; };
		CB6F9FB42189526800352C60 /* UIColor+Extension.h */ = {isa = PBXFileReference; lastKnownFileType = sourcecode.c.h; path = "UIColor+Extension.h"; sourceTree = "<group>"; };
		CB6F9FB52189526800352C60 /* UIColor+Extension.m */ = {isa = PBXFileReference; lastKnownFileType = sourcecode.c.objc; path = "UIColor+Extension.m"; sourceTree = "<group>"; };
		CB6F9FB8218958CD00352C60 /* Item1ViewController.h */ = {isa = PBXFileReference; lastKnownFileType = sourcecode.c.h; path = Item1ViewController.h; sourceTree = "<group>"; };
		CB6F9FB9218958CD00352C60 /* Item1ViewController.m */ = {isa = PBXFileReference; lastKnownFileType = sourcecode.c.objc; path = Item1ViewController.m; sourceTree = "<group>"; };
		CB6F9FBB2189592500352C60 /* Item2ViewController.h */ = {isa = PBXFileReference; lastKnownFileType = sourcecode.c.h; path = Item2ViewController.h; sourceTree = "<group>"; };
		CB6F9FBC2189592500352C60 /* Item2ViewController.m */ = {isa = PBXFileReference; lastKnownFileType = sourcecode.c.objc; path = Item2ViewController.m; sourceTree = "<group>"; };
		CB6F9FBE218A83B800352C60 /* BaseTableView.h */ = {isa = PBXFileReference; lastKnownFileType = sourcecode.c.h; path = BaseTableView.h; sourceTree = "<group>"; };
		CB6F9FBF218A83B800352C60 /* BaseTableView.m */ = {isa = PBXFileReference; lastKnownFileType = sourcecode.c.objc; path = BaseTableView.m; sourceTree = "<group>"; };
		CB6F9FC4218AA6EC00352C60 /* UpView.h */ = {isa = PBXFileReference; lastKnownFileType = sourcecode.c.h; path = UpView.h; sourceTree = "<group>"; };
		CB6F9FC5218AA6EC00352C60 /* UpView.m */ = {isa = PBXFileReference; lastKnownFileType = sourcecode.c.objc; path = UpView.m; sourceTree = "<group>"; };
		CB6F9FC7218ADC8800352C60 /* DatePickerView.h */ = {isa = PBXFileReference; lastKnownFileType = sourcecode.c.h; path = DatePickerView.h; sourceTree = "<group>"; };
		CB6F9FC8218ADC8800352C60 /* DatePickerView.m */ = {isa = PBXFileReference; lastKnownFileType = sourcecode.c.objc; path = DatePickerView.m; sourceTree = "<group>"; };
		CB6F9FCC218BE9E200352C60 /* address.json */ = {isa = PBXFileReference; fileEncoding = 4; lastKnownFileType = text.json; path = address.json; sourceTree = "<group>"; };
		CB6F9FCE218BEAEA00352C60 /* AddressPickView.h */ = {isa = PBXFileReference; lastKnownFileType = sourcecode.c.h; path = AddressPickView.h; sourceTree = "<group>"; };
		CB6F9FCF218BEAEA00352C60 /* AddressPickView.m */ = {isa = PBXFileReference; lastKnownFileType = sourcecode.c.objc; path = AddressPickView.m; sourceTree = "<group>"; };
		CB6F9FDA218FEB4700352C60 /* TAAbstractDotView.h */ = {isa = PBXFileReference; fileEncoding = 4; lastKnownFileType = sourcecode.c.h; path = TAAbstractDotView.h; sourceTree = "<group>"; };
		CB6F9FDB218FEB4700352C60 /* TAAbstractDotView.m */ = {isa = PBXFileReference; fileEncoding = 4; lastKnownFileType = sourcecode.c.objc; path = TAAbstractDotView.m; sourceTree = "<group>"; };
		CB6F9FDC218FEB4700352C60 /* TAAnimatedDotView.h */ = {isa = PBXFileReference; fileEncoding = 4; lastKnownFileType = sourcecode.c.h; path = TAAnimatedDotView.h; sourceTree = "<group>"; };
		CB6F9FDD218FEB4700352C60 /* TAAnimatedDotView.m */ = {isa = PBXFileReference; fileEncoding = 4; lastKnownFileType = sourcecode.c.objc; path = TAAnimatedDotView.m; sourceTree = "<group>"; };
		CB6F9FDE218FEB4700352C60 /* TADotView.h */ = {isa = PBXFileReference; fileEncoding = 4; lastKnownFileType = sourcecode.c.h; path = TADotView.h; sourceTree = "<group>"; };
		CB6F9FDF218FEB4700352C60 /* TADotView.m */ = {isa = PBXFileReference; fileEncoding = 4; lastKnownFileType = sourcecode.c.objc; path = TADotView.m; sourceTree = "<group>"; };
		CB6F9FE0218FEB4700352C60 /* TAPageControl.h */ = {isa = PBXFileReference; fileEncoding = 4; lastKnownFileType = sourcecode.c.h; path = TAPageControl.h; sourceTree = "<group>"; };
		CB6F9FE1218FEB4700352C60 /* TAPageControl.m */ = {isa = PBXFileReference; fileEncoding = 4; lastKnownFileType = sourcecode.c.objc; path = TAPageControl.m; sourceTree = "<group>"; };
		CB6F9FE2218FEB4700352C60 /* SDCollectionViewCell.h */ = {isa = PBXFileReference; fileEncoding = 4; lastKnownFileType = sourcecode.c.h; path = SDCollectionViewCell.h; sourceTree = "<group>"; };
		CB6F9FE3218FEB4700352C60 /* SDCollectionViewCell.m */ = {isa = PBXFileReference; fileEncoding = 4; lastKnownFileType = sourcecode.c.objc; path = SDCollectionViewCell.m; sourceTree = "<group>"; };
		CB6F9FE4218FEB4700352C60 /* SDCycleScrollView.h */ = {isa = PBXFileReference; fileEncoding = 4; lastKnownFileType = sourcecode.c.h; path = SDCycleScrollView.h; sourceTree = "<group>"; };
		CB6F9FE5218FEB4700352C60 /* SDCycleScrollView.m */ = {isa = PBXFileReference; fileEncoding = 4; lastKnownFileType = sourcecode.c.objc; path = SDCycleScrollView.m; sourceTree = "<group>"; };
		CB6F9FE6218FEB4700352C60 /* UIView+SDExtension.h */ = {isa = PBXFileReference; fileEncoding = 4; lastKnownFileType = sourcecode.c.h; path = "UIView+SDExtension.h"; sourceTree = "<group>"; };
		CB6F9FE7218FEB4700352C60 /* UIView+SDExtension.m */ = {isa = PBXFileReference; fileEncoding = 4; lastKnownFileType = sourcecode.c.objc; path = "UIView+SDExtension.m"; sourceTree = "<group>"; };
		CB6F9FEF218FEB7F00352C60 /* CycleViewController.h */ = {isa = PBXFileReference; lastKnownFileType = sourcecode.c.h; path = CycleViewController.h; sourceTree = "<group>"; };
		CB6F9FF0218FEB7F00352C60 /* CycleViewController.m */ = {isa = PBXFileReference; lastKnownFileType = sourcecode.c.objc; path = CycleViewController.m; sourceTree = "<group>"; };
		CB6F9FF2218FF28200352C60 /* StarRateView.h */ = {isa = PBXFileReference; lastKnownFileType = sourcecode.c.h; path = StarRateView.h; sourceTree = "<group>"; };
		CB6F9FF3218FF28200352C60 /* StarRateView.m */ = {isa = PBXFileReference; lastKnownFileType = sourcecode.c.objc; path = StarRateView.m; sourceTree = "<group>"; };
		CB6F9FF52190145400352C60 /* StarRateViewController.h */ = {isa = PBXFileReference; lastKnownFileType = sourcecode.c.h; path = StarRateViewController.h; sourceTree = "<group>"; };
		CB6F9FF62190145400352C60 /* StarRateViewController.m */ = {isa = PBXFileReference; lastKnownFileType = sourcecode.c.objc; path = StarRateViewController.m; sourceTree = "<group>"; };
		CB6F9FF821901F9C00352C60 /* PopMenuView.h */ = {isa = PBXFileReference; lastKnownFileType = sourcecode.c.h; path = PopMenuView.h; sourceTree = "<group>"; };
		CB6F9FF921901F9C00352C60 /* PopMenuView.m */ = {isa = PBXFileReference; lastKnownFileType = sourcecode.c.objc; path = PopMenuView.m; sourceTree = "<group>"; };
		CB6F9FFB2190214F00352C60 /* YCMenuView.m */ = {isa = PBXFileReference; fileEncoding = 4; lastKnownFileType = sourcecode.c.objc; path = YCMenuView.m; sourceTree = "<group>"; };
		CB6F9FFC2190214F00352C60 /* YCMenuView.h */ = {isa = PBXFileReference; fileEncoding = 4; lastKnownFileType = sourcecode.c.h; path = YCMenuView.h; sourceTree = "<group>"; };
		CB6F9FFE2190263900352C60 /* ScrollMenuView.h */ = {isa = PBXFileReference; lastKnownFileType = sourcecode.c.h; path = ScrollMenuView.h; sourceTree = "<group>"; };
		CB6F9FFF2190263900352C60 /* ScrollMenuView.m */ = {isa = PBXFileReference; lastKnownFileType = sourcecode.c.objc; path = ScrollMenuView.m; sourceTree = "<group>"; };
		CB6FA001219034AF00352C60 /* ScrollMenuViewController.h */ = {isa = PBXFileReference; lastKnownFileType = sourcecode.c.h; path = ScrollMenuViewController.h; sourceTree = "<group>"; };
		CB6FA002219034AF00352C60 /* ScrollMenuViewController.m */ = {isa = PBXFileReference; lastKnownFileType = sourcecode.c.objc; path = ScrollMenuViewController.m; sourceTree = "<group>"; };
		CB6FA0072191366F00352C60 /* RemindView.h */ = {isa = PBXFileReference; lastKnownFileType = sourcecode.c.h; path = RemindView.h; sourceTree = "<group>"; };
		CB6FA0082191366F00352C60 /* RemindView.m */ = {isa = PBXFileReference; lastKnownFileType = sourcecode.c.objc; path = RemindView.m; sourceTree = "<group>"; };
		CB6FA00A2191738A00352C60 /* PromptView.h */ = {isa = PBXFileReference; lastKnownFileType = sourcecode.c.h; path = PromptView.h; sourceTree = "<group>"; };
		CB6FA00B2191738A00352C60 /* PromptView.m */ = {isa = PBXFileReference; lastKnownFileType = sourcecode.c.objc; path = PromptView.m; sourceTree = "<group>"; };
		CB6FA00D219182D500352C60 /* LoadingView.h */ = {isa = PBXFileReference; lastKnownFileType = sourcecode.c.h; path = LoadingView.h; sourceTree = "<group>"; };
		CB6FA00E219182D500352C60 /* LoadingView.m */ = {isa = PBXFileReference; lastKnownFileType = sourcecode.c.objc; path = LoadingView.m; sourceTree = "<group>"; };
		CB6FA01121928D2F00352C60 /* RequestManager.h */ = {isa = PBXFileReference; lastKnownFileType = sourcecode.c.h; path = RequestManager.h; sourceTree = "<group>"; };
		CB6FA01221928D2F00352C60 /* RequestManager.m */ = {isa = PBXFileReference; lastKnownFileType = sourcecode.c.objc; path = RequestManager.m; sourceTree = "<group>"; };
/* End PBXFileReference section */

/* Begin PBXFrameworksBuildPhase section */
		CB6F9F5C2186A6BC00352C60 /* Frameworks */ = {
			isa = PBXFrameworksBuildPhase;
			buildActionMask = 2147483647;
			files = (
				CB50EDBB2193D33700485628 /* SystemConfiguration.framework in Frameworks */,
				85D78003C77D1D7FC58D832F /* libPods-OCTools.a in Frameworks */,
			);
			runOnlyForDeploymentPostprocessing = 0;
		};
		CB6F9F742186A6C700352C60 /* Frameworks */ = {
			isa = PBXFrameworksBuildPhase;
			buildActionMask = 2147483647;
			files = (
			);
			runOnlyForDeploymentPostprocessing = 0;
		};
		CB6F9F7F2186A6C700352C60 /* Frameworks */ = {
			isa = PBXFrameworksBuildPhase;
			buildActionMask = 2147483647;
			files = (
			);
			runOnlyForDeploymentPostprocessing = 0;
		};
/* End PBXFrameworksBuildPhase section */

/* Begin PBXGroup section */
		48DC029D1E42E473DC112C66 /* Pods */ = {
			isa = PBXGroup;
			children = (
				682E95383E02A4D49C1BC58B /* Pods-OCTools.debug.xcconfig */,
				C1C1B2A14FF4B056BB8CE8C3 /* Pods-OCTools.release.xcconfig */,
			);
			name = Pods;
			sourceTree = "<group>";
		};
		B11A92B9112BD392F59A4821 /* Frameworks */ = {
			isa = PBXGroup;
			children = (
				CB50EDE02199670B00485628 /* Security.framework */,
				CB50EDBA2193D33700485628 /* SystemConfiguration.framework */,
				6108B33AF8512E8E33C25C32 /* libPods-OCTools.a */,
			);
			name = Frameworks;
			sourceTree = "<group>";
		};
		CB6F9F562186A6BC00352C60 = {
			isa = PBXGroup;
			children = (
				CB6F9F612186A6BC00352C60 /* OCTools */,
				CB6F9F7A2186A6C700352C60 /* OCToolsTests */,
				CB6F9F852186A6C700352C60 /* OCToolsUITests */,
				CB6F9F602186A6BC00352C60 /* Products */,
				48DC029D1E42E473DC112C66 /* Pods */,
				B11A92B9112BD392F59A4821 /* Frameworks */,
			);
			sourceTree = "<group>";
		};
		CB6F9F602186A6BC00352C60 /* Products */ = {
			isa = PBXGroup;
			children = (
				CB6F9F5F2186A6BC00352C60 /* OCTools.app */,
				CB6F9F772186A6C700352C60 /* OCToolsTests.xctest */,
				CB6F9F822186A6C700352C60 /* OCToolsUITests.xctest */,
			);
			name = Products;
			sourceTree = "<group>";
		};
		CB6F9F612186A6BC00352C60 /* OCTools */ = {
			isa = PBXGroup;
			children = (
				CB6FA01021928D0200352C60 /* 管理类 */,
				CB6F9FD7218FEAC300352C60 /* 第三方 */,
				CB6F9FB7218958AD00352C60 /* 控制器 */,
				CB6F9F9A2186DA3200352C60 /* 基础控制器 */,
				CB6F9F952186AA0100352C60 /* 扩展 */,
				CB6F9F942186AA0100352C60 /* 基础视图 */,
				CB6F9F622186A6BC00352C60 /* AppDelegate.h */,
				CB6F9F632186A6BC00352C60 /* AppDelegate.m */,
				CB6F9F682186A6BC00352C60 /* Main.storyboard */,
				CB6F9F6B2186A6C700352C60 /* Assets.xcassets */,
				CB6F9F6D2186A6C700352C60 /* LaunchScreen.storyboard */,
				CB6F9F702186A6C700352C60 /* Info.plist */,
				CB6F9FCC218BE9E200352C60 /* address.json */,
				CB6F9F712186A6C700352C60 /* main.m */,
				CB6F9FAD21883CFB00352C60 /* PrefixHeader.pch */,
			);
			path = OCTools;
			sourceTree = "<group>";
		};
		CB6F9F7A2186A6C700352C60 /* OCToolsTests */ = {
			isa = PBXGroup;
			children = (
				CB6F9F7B2186A6C700352C60 /* OCToolsTests.m */,
				CB6F9F7D2186A6C700352C60 /* Info.plist */,
			);
			path = OCToolsTests;
			sourceTree = "<group>";
		};
		CB6F9F852186A6C700352C60 /* OCToolsUITests */ = {
			isa = PBXGroup;
			children = (
				CB6F9F862186A6C700352C60 /* OCToolsUITests.m */,
				CB6F9F882186A6C700352C60 /* Info.plist */,
			);
			path = OCToolsUITests;
			sourceTree = "<group>";
		};
		CB6F9F942186AA0100352C60 /* 基础视图 */ = {
			isa = PBXGroup;
			children = (
				CB6F9FFC2190214F00352C60 /* YCMenuView.h */,
				CB6F9FFB2190214F00352C60 /* YCMenuView.m */,
				CB6F9FA7218831C700352C60 /* CustomTabBar.h */,
				CB6F9FA8218831C700352C60 /* CustomTabBar.m */,
				CB6F9FBE218A83B800352C60 /* BaseTableView.h */,
				CB6F9FBF218A83B800352C60 /* BaseTableView.m */,
				CB6F9FC4218AA6EC00352C60 /* UpView.h */,
				CB6F9FC5218AA6EC00352C60 /* UpView.m */,
				CB6F9FC7218ADC8800352C60 /* DatePickerView.h */,
				CB6F9FC8218ADC8800352C60 /* DatePickerView.m */,
				CB6F9FCE218BEAEA00352C60 /* AddressPickView.h */,
				CB6F9FCF218BEAEA00352C60 /* AddressPickView.m */,
				CB6F9FF2218FF28200352C60 /* StarRateView.h */,
				CB6F9FF3218FF28200352C60 /* StarRateView.m */,
				CB6F9FF821901F9C00352C60 /* PopMenuView.h */,
				CB6F9FF921901F9C00352C60 /* PopMenuView.m */,
				CB6F9FFE2190263900352C60 /* ScrollMenuView.h */,
				CB6F9FFF2190263900352C60 /* ScrollMenuView.m */,
				CB6FA0072191366F00352C60 /* RemindView.h */,
				CB6FA0082191366F00352C60 /* RemindView.m */,
				CB6FA00A2191738A00352C60 /* PromptView.h */,
				CB6FA00B2191738A00352C60 /* PromptView.m */,
				CB6FA00D219182D500352C60 /* LoadingView.h */,
				CB6FA00E219182D500352C60 /* LoadingView.m */,
				CB50EDBC21940EAA00485628 /* MenuAndItemsView.h */,
				CB50EDBD21940EAA00485628 /* MenuAndItemsView.m */,
				CB50EDC2219523D000485628 /* ImagesPickView.h */,
				CB50EDC3219523D000485628 /* ImagesPickView.m */,
				CB50EDCE2199181800485628 /* AlertView.h */,
				CB50EDCF2199181800485628 /* AlertView.m */,
			);
			path = "基础视图";
			sourceTree = "<group>";
		};
		CB6F9F952186AA0100352C60 /* 扩展 */ = {
			isa = PBXGroup;
			children = (
				CB6F9F972186AB2C00352C60 /* UIView+Specification.h */,
				CB6F9F982186AB2D00352C60 /* UIView+Specification.m */,
				CB6F9FB121894FE500352C60 /* UIImage+Extension.h */,
				CB6F9FB221894FE500352C60 /* UIImage+Extension.m */,
				CB6F9FB42189526800352C60 /* UIColor+Extension.h */,
				CB6F9FB52189526800352C60 /* UIColor+Extension.m */,
				CB50EDD121991C8A00485628 /* UIView+Extension.h */,
				CB50EDD221991C8A00485628 /* UIView+Extension.m */,
				CB50EDDA2199630100485628 /* UIButton+Extension.h */,
				CB50EDDB2199630100485628 /* UIButton+Extension.m */,
				CB50EDDD2199650400485628 /* NSString+Extension.h */,
				CB50EDDE2199650400485628 /* NSString+Extension.m */,
			);
			path = "扩展";
			sourceTree = "<group>";
		};
		CB6F9F9A2186DA3200352C60 /* 基础控制器 */ = {
			isa = PBXGroup;
			children = (
				CB6F9F9B2186DAE100352C60 /* BaseTabBarController.h */,
				CB6F9F9C2186DAE100352C60 /* BaseTabBarController.m */,
				CB6F9FAA218838FE00352C60 /* BaseNavigationController.h */,
				CB6F9FAB218838FE00352C60 /* BaseNavigationController.m */,
				CB6F9FAE21884D5200352C60 /* BaseViewController.h */,
				CB6F9FAF21884D5200352C60 /* BaseViewController.m */,
				CB50EDD721994A6700485628 /* BaseWebViewController.h */,
				CB50EDD821994A6700485628 /* BaseWebViewController.m */,
			);
			path = "基础控制器";
			sourceTree = "<group>";
		};
		CB6F9FB7218958AD00352C60 /* 控制器 */ = {
			isa = PBXGroup;
			children = (
				CB6F9FB8218958CD00352C60 /* Item1ViewController.h */,
				CB6F9FB9218958CD00352C60 /* Item1ViewController.m */,
				CB6F9FBB2189592500352C60 /* Item2ViewController.h */,
				CB6F9FBC2189592500352C60 /* Item2ViewController.m */,
				CB6F9FEF218FEB7F00352C60 /* CycleViewController.h */,
				CB6F9FF0218FEB7F00352C60 /* CycleViewController.m */,
				CB6F9FF52190145400352C60 /* StarRateViewController.h */,
				CB6F9FF62190145400352C60 /* StarRateViewController.m */,
				CB6FA001219034AF00352C60 /* ScrollMenuViewController.h */,
				CB6FA002219034AF00352C60 /* ScrollMenuViewController.m */,
				CB50EDBF2194174300485628 /* MenuAndItemsViewController.h */,
				CB50EDC02194174300485628 /* MenuAndItemsViewController.m */,
				CB50EDC52195584100485628 /* ImagePickViewController.h */,
				CB50EDC62195584100485628 /* ImagePickViewController.m */,
				CB50EDCB219573F200485628 /* AuthorizationViewController.h */,
				CB50EDCC219573F200485628 /* AuthorizationViewController.m */,
				CB50EDD421991DB900485628 /* AlertViewController.h */,
				CB50EDD521991DB900485628 /* AlertViewController.m */,
			);
			path = "控制器";
			sourceTree = "<group>";
		};
		CB6F9FD7218FEAC300352C60 /* 第三方 */ = {
			isa = PBXGroup;
			children = (
				CB6F9FD8218FEB4700352C60 /* SDCycleScrollView */,
			);
			path = "第三方";
			sourceTree = "<group>";
		};
		CB6F9FD8218FEB4700352C60 /* SDCycleScrollView */ = {
			isa = PBXGroup;
			children = (
				CB6F9FD9218FEB4700352C60 /* PageControl */,
				CB6F9FE2218FEB4700352C60 /* SDCollectionViewCell.h */,
				CB6F9FE3218FEB4700352C60 /* SDCollectionViewCell.m */,
				CB6F9FE4218FEB4700352C60 /* SDCycleScrollView.h */,
				CB6F9FE5218FEB4700352C60 /* SDCycleScrollView.m */,
				CB6F9FE6218FEB4700352C60 /* UIView+SDExtension.h */,
				CB6F9FE7218FEB4700352C60 /* UIView+SDExtension.m */,
			);
			path = SDCycleScrollView;
			sourceTree = "<group>";
		};
		CB6F9FD9218FEB4700352C60 /* PageControl */ = {
			isa = PBXGroup;
			children = (
				CB6F9FDA218FEB4700352C60 /* TAAbstractDotView.h */,
				CB6F9FDB218FEB4700352C60 /* TAAbstractDotView.m */,
				CB6F9FDC218FEB4700352C60 /* TAAnimatedDotView.h */,
				CB6F9FDD218FEB4700352C60 /* TAAnimatedDotView.m */,
				CB6F9FDE218FEB4700352C60 /* TADotView.h */,
				CB6F9FDF218FEB4700352C60 /* TADotView.m */,
				CB6F9FE0218FEB4700352C60 /* TAPageControl.h */,
				CB6F9FE1218FEB4700352C60 /* TAPageControl.m */,
			);
			path = PageControl;
			sourceTree = "<group>";
		};
		CB6FA01021928D0200352C60 /* 管理类 */ = {
			isa = PBXGroup;
			children = (
				CB6FA01121928D2F00352C60 /* RequestManager.h */,
				CB6FA01221928D2F00352C60 /* RequestManager.m */,
				CB50EDB72193D2E400485628 /* Reachability.h */,
				CB50EDB82193D2E400485628 /* Reachability.m */,
				CB50EDC821956B6900485628 /* AuthorizationManager.h */,
				CB50EDC921956B6900485628 /* AuthorizationManager.m */,
			);
			path = "管理类";
			sourceTree = "<group>";
		};
/* End PBXGroup section */

/* Begin PBXNativeTarget section */
		CB6F9F5E2186A6BC00352C60 /* OCTools */ = {
			isa = PBXNativeTarget;
			buildConfigurationList = CB6F9F8B2186A6C700352C60 /* Build configuration list for PBXNativeTarget "OCTools" */;
			buildPhases = (
				EFB997D4F66B25921C28AB25 /* [CP] Check Pods Manifest.lock */,
				CB6F9F5B2186A6BC00352C60 /* Sources */,
				CB6F9F5C2186A6BC00352C60 /* Frameworks */,
				CB6F9F5D2186A6BC00352C60 /* Resources */,
				6167C865E4D268DBBB2EA979 /* [CP] Copy Pods Resources */,
			);
			buildRules = (
			);
			dependencies = (
			);
			name = OCTools;
			productName = OCTools;
			productReference = CB6F9F5F2186A6BC00352C60 /* OCTools.app */;
			productType = "com.apple.product-type.application";
		};
		CB6F9F762186A6C700352C60 /* OCToolsTests */ = {
			isa = PBXNativeTarget;
			buildConfigurationList = CB6F9F8E2186A6C700352C60 /* Build configuration list for PBXNativeTarget "OCToolsTests" */;
			buildPhases = (
				CB6F9F732186A6C700352C60 /* Sources */,
				CB6F9F742186A6C700352C60 /* Frameworks */,
				CB6F9F752186A6C700352C60 /* Resources */,
			);
			buildRules = (
			);
			dependencies = (
				CB6F9F792186A6C700352C60 /* PBXTargetDependency */,
			);
			name = OCToolsTests;
			productName = OCToolsTests;
			productReference = CB6F9F772186A6C700352C60 /* OCToolsTests.xctest */;
			productType = "com.apple.product-type.bundle.unit-test";
		};
		CB6F9F812186A6C700352C60 /* OCToolsUITests */ = {
			isa = PBXNativeTarget;
			buildConfigurationList = CB6F9F912186A6C700352C60 /* Build configuration list for PBXNativeTarget "OCToolsUITests" */;
			buildPhases = (
				CB6F9F7E2186A6C700352C60 /* Sources */,
				CB6F9F7F2186A6C700352C60 /* Frameworks */,
				CB6F9F802186A6C700352C60 /* Resources */,
			);
			buildRules = (
			);
			dependencies = (
				CB6F9F842186A6C700352C60 /* PBXTargetDependency */,
			);
			name = OCToolsUITests;
			productName = OCToolsUITests;
			productReference = CB6F9F822186A6C700352C60 /* OCToolsUITests.xctest */;
			productType = "com.apple.product-type.bundle.ui-testing";
		};
/* End PBXNativeTarget section */

/* Begin PBXProject section */
		CB6F9F572186A6BC00352C60 /* Project object */ = {
			isa = PBXProject;
			attributes = {
				LastUpgradeCheck = 1000;
				ORGANIZATIONNAME = "周";
				TargetAttributes = {
					CB6F9F5E2186A6BC00352C60 = {
						CreatedOnToolsVersion = 10.0;
					};
					CB6F9F762186A6C700352C60 = {
						CreatedOnToolsVersion = 10.0;
						TestTargetID = CB6F9F5E2186A6BC00352C60;
					};
					CB6F9F812186A6C700352C60 = {
						CreatedOnToolsVersion = 10.0;
						TestTargetID = CB6F9F5E2186A6BC00352C60;
					};
				};
			};
			buildConfigurationList = CB6F9F5A2186A6BC00352C60 /* Build configuration list for PBXProject "OCTools" */;
			compatibilityVersion = "Xcode 9.3";
			developmentRegion = en;
			hasScannedForEncodings = 0;
			knownRegions = (
				en,
				Base,
			);
			mainGroup = CB6F9F562186A6BC00352C60;
			productRefGroup = CB6F9F602186A6BC00352C60 /* Products */;
			projectDirPath = "";
			projectRoot = "";
			targets = (
				CB6F9F5E2186A6BC00352C60 /* OCTools */,
				CB6F9F762186A6C700352C60 /* OCToolsTests */,
				CB6F9F812186A6C700352C60 /* OCToolsUITests */,
			);
		};
/* End PBXProject section */

/* Begin PBXResourcesBuildPhase section */
		CB6F9F5D2186A6BC00352C60 /* Resources */ = {
			isa = PBXResourcesBuildPhase;
			buildActionMask = 2147483647;
			files = (
				CB6F9F6F2186A6C700352C60 /* LaunchScreen.storyboard in Resources */,
				CB6F9F6C2186A6C700352C60 /* Assets.xcassets in Resources */,
				CB6F9FCD218BE9E200352C60 /* address.json in Resources */,
				CB6F9F6A2186A6BC00352C60 /* Main.storyboard in Resources */,
			);
			runOnlyForDeploymentPostprocessing = 0;
		};
		CB6F9F752186A6C700352C60 /* Resources */ = {
			isa = PBXResourcesBuildPhase;
			buildActionMask = 2147483647;
			files = (
			);
			runOnlyForDeploymentPostprocessing = 0;
		};
		CB6F9F802186A6C700352C60 /* Resources */ = {
			isa = PBXResourcesBuildPhase;
			buildActionMask = 2147483647;
			files = (
			);
			runOnlyForDeploymentPostprocessing = 0;
		};
/* End PBXResourcesBuildPhase section */

/* Begin PBXShellScriptBuildPhase section */
		6167C865E4D268DBBB2EA979 /* [CP] Copy Pods Resources */ = {
			isa = PBXShellScriptBuildPhase;
			buildActionMask = 2147483647;
			files = (
			);
			inputFileListPaths = (
			);
			inputPaths = (
				"${SRCROOT}/Pods/Target Support Files/Pods-OCTools/Pods-OCTools-resources.sh",
				"${PODS_ROOT}/MJRefresh/MJRefresh/MJRefresh.bundle",
				"${PODS_ROOT}/TZImagePickerController/TZImagePickerController/TZImagePickerController/TZImagePickerController.bundle",
			);
			name = "[CP] Copy Pods Resources";
			outputFileListPaths = (
			);
			outputPaths = (
				"${TARGET_BUILD_DIR}/${UNLOCALIZED_RESOURCES_FOLDER_PATH}/MJRefresh.bundle",
				"${TARGET_BUILD_DIR}/${UNLOCALIZED_RESOURCES_FOLDER_PATH}/TZImagePickerController.bundle",
			);
			runOnlyForDeploymentPostprocessing = 0;
			shellPath = /bin/sh;
			shellScript = "\"${SRCROOT}/Pods/Target Support Files/Pods-OCTools/Pods-OCTools-resources.sh\"\n";
			showEnvVarsInLog = 0;
		};
		EFB997D4F66B25921C28AB25 /* [CP] Check Pods Manifest.lock */ = {
			isa = PBXShellScriptBuildPhase;
			buildActionMask = 2147483647;
			files = (
			);
			inputFileListPaths = (
			);
			inputPaths = (
				"${PODS_PODFILE_DIR_PATH}/Podfile.lock",
				"${PODS_ROOT}/Manifest.lock",
			);
			name = "[CP] Check Pods Manifest.lock";
			outputFileListPaths = (
			);
			outputPaths = (
				"$(DERIVED_FILE_DIR)/Pods-OCTools-checkManifestLockResult.txt",
			);
			runOnlyForDeploymentPostprocessing = 0;
			shellPath = /bin/sh;
			shellScript = "diff \"${PODS_PODFILE_DIR_PATH}/Podfile.lock\" \"${PODS_ROOT}/Manifest.lock\" > /dev/null\nif [ $? != 0 ] ; then\n    # print error to STDERR\n    echo \"error: The sandbox is not in sync with the Podfile.lock. Run 'pod install' or update your CocoaPods installation.\" >&2\n    exit 1\nfi\n# This output is used by Xcode 'outputs' to avoid re-running this script phase.\necho \"SUCCESS\" > \"${SCRIPT_OUTPUT_FILE_0}\"\n";
			showEnvVarsInLog = 0;
		};
/* End PBXShellScriptBuildPhase section */

/* Begin PBXSourcesBuildPhase section */
		CB6F9F5B2186A6BC00352C60 /* Sources */ = {
			isa = PBXSourcesBuildPhase;
			buildActionMask = 2147483647;
			files = (
				CB6F9FC9218ADC8800352C60 /* DatePickerView.m in Sources */,
				CB6FA00F219182D500352C60 /* LoadingView.m in Sources */,
				CB6F9FED218FEB4700352C60 /* SDCycleScrollView.m in Sources */,
				CB6F9FEA218FEB4700352C60 /* TADotView.m in Sources */,
				CB6F9FF72190145400352C60 /* StarRateViewController.m in Sources */,
				CB6F9FD0218BEAEA00352C60 /* AddressPickView.m in Sources */,
				CB6FA003219034AF00352C60 /* ScrollMenuViewController.m in Sources */,
				CB6F9FEC218FEB4700352C60 /* SDCollectionViewCell.m in Sources */,
				CB6F9FC0218A83B800352C60 /* BaseTableView.m in Sources */,
				CB6F9F722186A6C700352C60 /* main.m in Sources */,
				CB6FA0092191366F00352C60 /* RemindView.m in Sources */,
				CB6F9FAC218838FE00352C60 /* BaseNavigationController.m in Sources */,
				CB50EDC4219523D000485628 /* ImagesPickView.m in Sources */,
				CB50EDDF2199650400485628 /* NSString+Extension.m in Sources */,
				CB6F9FE9218FEB4700352C60 /* TAAnimatedDotView.m in Sources */,
				CB6F9FA9218831C700352C60 /* CustomTabBar.m in Sources */,
				CB6F9FF4218FF28200352C60 /* StarRateView.m in Sources */,
				CB50EDBE21940EAA00485628 /* MenuAndItemsView.m in Sources */,
				CB6F9FF1218FEB7F00352C60 /* CycleViewController.m in Sources */,
				CB50EDD921994A6700485628 /* BaseWebViewController.m in Sources */,
				CB6F9FC6218AA6EC00352C60 /* UpView.m in Sources */,
				CB6F9F9D2186DAE100352C60 /* BaseTabBarController.m in Sources */,
				CB6FA01321928D2F00352C60 /* RequestManager.m in Sources */,
				CB6F9FB62189526800352C60 /* UIColor+Extension.m in Sources */,
				CB6F9FE8218FEB4700352C60 /* TAAbstractDotView.m in Sources */,
				CB6F9FFD2190214F00352C60 /* YCMenuView.m in Sources */,
				CB50EDDC2199630100485628 /* UIButton+Extension.m in Sources */,
				CB50EDD321991C8A00485628 /* UIView+Extension.m in Sources */,
				CB50EDCD219573F200485628 /* AuthorizationViewController.m in Sources */,
				CB6F9F992186AB2D00352C60 /* UIView+Specification.m in Sources */,
				CB50EDB92193D2E400485628 /* Reachability.m in Sources */,
				CB6F9FEE218FEB4700352C60 /* UIView+SDExtension.m in Sources */,
				CB6F9FFA21901F9C00352C60 /* PopMenuView.m in Sources */,
				CB6F9FEB218FEB4700352C60 /* TAPageControl.m in Sources */,
				CB50EDC12194174300485628 /* MenuAndItemsViewController.m in Sources */,
				CB6FA0002190263900352C60 /* ScrollMenuView.m in Sources */,
				CB50EDCA21956B6900485628 /* AuthorizationManager.m in Sources */,
				CB6FA00C2191738A00352C60 /* PromptView.m in Sources */,
				CB6F9FB021884D5200352C60 /* BaseViewController.m in Sources */,
				CB50EDD621991DB900485628 /* AlertViewController.m in Sources */,
				CB50EDC72195584100485628 /* ImagePickViewController.m in Sources */,
				CB50EDD02199181800485628 /* AlertView.m in Sources */,
				CB6F9FBA218958CD00352C60 /* Item1ViewController.m in Sources */,
				CB6F9F642186A6BC00352C60 /* AppDelegate.m in Sources */,
				CB6F9FBD2189592500352C60 /* Item2ViewController.m in Sources */,
				CB6F9FB321894FE500352C60 /* UIImage+Extension.m in Sources */,
			);
			runOnlyForDeploymentPostprocessing = 0;
		};
		CB6F9F732186A6C700352C60 /* Sources */ = {
			isa = PBXSourcesBuildPhase;
			buildActionMask = 2147483647;
			files = (
				CB6F9F7C2186A6C700352C60 /* OCToolsTests.m in Sources */,
			);
			runOnlyForDeploymentPostprocessing = 0;
		};
		CB6F9F7E2186A6C700352C60 /* Sources */ = {
			isa = PBXSourcesBuildPhase;
			buildActionMask = 2147483647;
			files = (
				CB6F9F872186A6C700352C60 /* OCToolsUITests.m in Sources */,
			);
			runOnlyForDeploymentPostprocessing = 0;
		};
/* End PBXSourcesBuildPhase section */

/* Begin PBXTargetDependency section */
		CB6F9F792186A6C700352C60 /* PBXTargetDependency */ = {
			isa = PBXTargetDependency;
			target = CB6F9F5E2186A6BC00352C60 /* OCTools */;
			targetProxy = CB6F9F782186A6C700352C60 /* PBXContainerItemProxy */;
		};
		CB6F9F842186A6C700352C60 /* PBXTargetDependency */ = {
			isa = PBXTargetDependency;
			target = CB6F9F5E2186A6BC00352C60 /* OCTools */;
			targetProxy = CB6F9F832186A6C700352C60 /* PBXContainerItemProxy */;
		};
/* End PBXTargetDependency section */

/* Begin PBXVariantGroup section */
		CB6F9F682186A6BC00352C60 /* Main.storyboard */ = {
			isa = PBXVariantGroup;
			children = (
				CB6F9F692186A6BC00352C60 /* Base */,
			);
			name = Main.storyboard;
			sourceTree = "<group>";
		};
		CB6F9F6D2186A6C700352C60 /* LaunchScreen.storyboard */ = {
			isa = PBXVariantGroup;
			children = (
				CB6F9F6E2186A6C700352C60 /* Base */,
			);
			name = LaunchScreen.storyboard;
			sourceTree = "<group>";
		};
/* End PBXVariantGroup section */

/* Begin XCBuildConfiguration section */
		CB6F9F892186A6C700352C60 /* Debug */ = {
			isa = XCBuildConfiguration;
			buildSettings = {
				ALWAYS_SEARCH_USER_PATHS = NO;
				CLANG_ANALYZER_NONNULL = YES;
				CLANG_ANALYZER_NUMBER_OBJECT_CONVERSION = YES_AGGRESSIVE;
				CLANG_CXX_LANGUAGE_STANDARD = "gnu++14";
				CLANG_CXX_LIBRARY = "libc++";
				CLANG_ENABLE_MODULES = YES;
				CLANG_ENABLE_OBJC_ARC = YES;
				CLANG_ENABLE_OBJC_WEAK = YES;
				CLANG_WARN_BLOCK_CAPTURE_AUTORELEASING = YES;
				CLANG_WARN_BOOL_CONVERSION = YES;
				CLANG_WARN_COMMA = YES;
				CLANG_WARN_CONSTANT_CONVERSION = YES;
				CLANG_WARN_DEPRECATED_OBJC_IMPLEMENTATIONS = YES;
				CLANG_WARN_DIRECT_OBJC_ISA_USAGE = YES_ERROR;
				CLANG_WARN_DOCUMENTATION_COMMENTS = YES;
				CLANG_WARN_EMPTY_BODY = YES;
				CLANG_WARN_ENUM_CONVERSION = YES;
				CLANG_WARN_INFINITE_RECURSION = YES;
				CLANG_WARN_INT_CONVERSION = YES;
				CLANG_WARN_NON_LITERAL_NULL_CONVERSION = YES;
				CLANG_WARN_OBJC_IMPLICIT_RETAIN_SELF = YES;
				CLANG_WARN_OBJC_LITERAL_CONVERSION = YES;
				CLANG_WARN_OBJC_ROOT_CLASS = YES_ERROR;
				CLANG_WARN_RANGE_LOOP_ANALYSIS = YES;
				CLANG_WARN_STRICT_PROTOTYPES = YES;
				CLANG_WARN_SUSPICIOUS_MOVE = YES;
				CLANG_WARN_UNGUARDED_AVAILABILITY = YES_AGGRESSIVE;
				CLANG_WARN_UNREACHABLE_CODE = YES;
				CLANG_WARN__DUPLICATE_METHOD_MATCH = YES;
				CODE_SIGN_IDENTITY = "iPhone Developer";
				COPY_PHASE_STRIP = NO;
				DEBUG_INFORMATION_FORMAT = dwarf;
				ENABLE_STRICT_OBJC_MSGSEND = YES;
				ENABLE_TESTABILITY = YES;
				GCC_C_LANGUAGE_STANDARD = gnu11;
				GCC_DYNAMIC_NO_PIC = NO;
				GCC_NO_COMMON_BLOCKS = YES;
				GCC_OPTIMIZATION_LEVEL = 0;
				GCC_PREPROCESSOR_DEFINITIONS = (
					"DEBUG=1",
					"$(inherited)",
				);
				GCC_WARN_64_TO_32_BIT_CONVERSION = YES;
				GCC_WARN_ABOUT_RETURN_TYPE = YES_ERROR;
				GCC_WARN_UNDECLARED_SELECTOR = YES;
				GCC_WARN_UNINITIALIZED_AUTOS = YES_AGGRESSIVE;
				GCC_WARN_UNUSED_FUNCTION = YES;
				GCC_WARN_UNUSED_VARIABLE = YES;
				IPHONEOS_DEPLOYMENT_TARGET = 12.0;
				MTL_ENABLE_DEBUG_INFO = INCLUDE_SOURCE;
				MTL_FAST_MATH = YES;
				ONLY_ACTIVE_ARCH = YES;
				SDKROOT = iphoneos;
			};
			name = Debug;
		};
		CB6F9F8A2186A6C700352C60 /* Release */ = {
			isa = XCBuildConfiguration;
			buildSettings = {
				ALWAYS_SEARCH_USER_PATHS = NO;
				CLANG_ANALYZER_NONNULL = YES;
				CLANG_ANALYZER_NUMBER_OBJECT_CONVERSION = YES_AGGRESSIVE;
				CLANG_CXX_LANGUAGE_STANDARD = "gnu++14";
				CLANG_CXX_LIBRARY = "libc++";
				CLANG_ENABLE_MODULES = YES;
				CLANG_ENABLE_OBJC_ARC = YES;
				CLANG_ENABLE_OBJC_WEAK = YES;
				CLANG_WARN_BLOCK_CAPTURE_AUTORELEASING = YES;
				CLANG_WARN_BOOL_CONVERSION = YES;
				CLANG_WARN_COMMA = YES;
				CLANG_WARN_CONSTANT_CONVERSION = YES;
				CLANG_WARN_DEPRECATED_OBJC_IMPLEMENTATIONS = YES;
				CLANG_WARN_DIRECT_OBJC_ISA_USAGE = YES_ERROR;
				CLANG_WARN_DOCUMENTATION_COMMENTS = YES;
				CLANG_WARN_EMPTY_BODY = YES;
				CLANG_WARN_ENUM_CONVERSION = YES;
				CLANG_WARN_INFINITE_RECURSION = YES;
				CLANG_WARN_INT_CONVERSION = YES;
				CLANG_WARN_NON_LITERAL_NULL_CONVERSION = YES;
				CLANG_WARN_OBJC_IMPLICIT_RETAIN_SELF = YES;
				CLANG_WARN_OBJC_LITERAL_CONVERSION = YES;
				CLANG_WARN_OBJC_ROOT_CLASS = YES_ERROR;
				CLANG_WARN_RANGE_LOOP_ANALYSIS = YES;
				CLANG_WARN_STRICT_PROTOTYPES = YES;
				CLANG_WARN_SUSPICIOUS_MOVE = YES;
				CLANG_WARN_UNGUARDED_AVAILABILITY = YES_AGGRESSIVE;
				CLANG_WARN_UNREACHABLE_CODE = YES;
				CLANG_WARN__DUPLICATE_METHOD_MATCH = YES;
				CODE_SIGN_IDENTITY = "iPhone Developer";
				COPY_PHASE_STRIP = NO;
				DEBUG_INFORMATION_FORMAT = "dwarf-with-dsym";
				ENABLE_NS_ASSERTIONS = NO;
				ENABLE_STRICT_OBJC_MSGSEND = YES;
				GCC_C_LANGUAGE_STANDARD = gnu11;
				GCC_NO_COMMON_BLOCKS = YES;
				GCC_WARN_64_TO_32_BIT_CONVERSION = YES;
				GCC_WARN_ABOUT_RETURN_TYPE = YES_ERROR;
				GCC_WARN_UNDECLARED_SELECTOR = YES;
				GCC_WARN_UNINITIALIZED_AUTOS = YES_AGGRESSIVE;
				GCC_WARN_UNUSED_FUNCTION = YES;
				GCC_WARN_UNUSED_VARIABLE = YES;
				IPHONEOS_DEPLOYMENT_TARGET = 12.0;
				MTL_ENABLE_DEBUG_INFO = NO;
				MTL_FAST_MATH = YES;
				SDKROOT = iphoneos;
				VALIDATE_PRODUCT = YES;
			};
			name = Release;
		};
		CB6F9F8C2186A6C700352C60 /* Debug */ = {
			isa = XCBuildConfiguration;
			baseConfigurationReference = 682E95383E02A4D49C1BC58B /* Pods-OCTools.debug.xcconfig */;
			buildSettings = {
				ASSETCATALOG_COMPILER_APPICON_NAME = AppIcon;
				CODE_SIGN_STYLE = Automatic;
				DEVELOPMENT_TEAM = EL6YKYR78P;
				GCC_PRECOMPILE_PREFIX_HEADER = YES;
				GCC_PREFIX_HEADER = "$(SRCROOT)/OCTools/PrefixHeader.pch";
				INFOPLIST_FILE = OCTools/Info.plist;
				IPHONEOS_DEPLOYMENT_TARGET = 9.0;
				LD_RUNPATH_SEARCH_PATHS = (
					"$(inherited)",
					"@executable_path/Frameworks",
				);
				PRODUCT_BUNDLE_IDENTIFIER = com.zql.TestDemo.OCTools;
				PRODUCT_NAME = "$(TARGET_NAME)";
				TARGETED_DEVICE_FAMILY = 1;
			};
			name = Debug;
		};
		CB6F9F8D2186A6C700352C60 /* Release */ = {
			isa = XCBuildConfiguration;
			baseConfigurationReference = C1C1B2A14FF4B056BB8CE8C3 /* Pods-OCTools.release.xcconfig */;
			buildSettings = {
				ASSETCATALOG_COMPILER_APPICON_NAME = AppIcon;
				CODE_SIGN_STYLE = Automatic;
				DEVELOPMENT_TEAM = EL6YKYR78P;
				GCC_PRECOMPILE_PREFIX_HEADER = YES;
				GCC_PREFIX_HEADER = "$(SRCROOT)/OCTools/PrefixHeader.pch";
				INFOPLIST_FILE = OCTools/Info.plist;
				IPHONEOS_DEPLOYMENT_TARGET = 9.0;
				LD_RUNPATH_SEARCH_PATHS = (
					"$(inherited)",
					"@executable_path/Frameworks",
				);
				PRODUCT_BUNDLE_IDENTIFIER = com.zql.TestDemo.OCTools;
				PRODUCT_NAME = "$(TARGET_NAME)";
				TARGETED_DEVICE_FAMILY = 1;
			};
			name = Release;
		};
		CB6F9F8F2186A6C700352C60 /* Debug */ = {
			isa = XCBuildConfiguration;
			buildSettings = {
				BUNDLE_LOADER = "$(TEST_HOST)";
				CODE_SIGN_STYLE = Automatic;
				INFOPLIST_FILE = OCToolsTests/Info.plist;
				LD_RUNPATH_SEARCH_PATHS = (
					"$(inherited)",
					"@executable_path/Frameworks",
					"@loader_path/Frameworks",
				);
				PRODUCT_BUNDLE_IDENTIFIER = com.zql.TestDemo.OCToolsTests;
				PRODUCT_NAME = "$(TARGET_NAME)";
				TARGETED_DEVICE_FAMILY = "1,2";
				TEST_HOST = "$(BUILT_PRODUCTS_DIR)/OCTools.app/OCTools";
			};
			name = Debug;
		};
		CB6F9F902186A6C700352C60 /* Release */ = {
			isa = XCBuildConfiguration;
			buildSettings = {
				BUNDLE_LOADER = "$(TEST_HOST)";
				CODE_SIGN_STYLE = Automatic;
				INFOPLIST_FILE = OCToolsTests/Info.plist;
				LD_RUNPATH_SEARCH_PATHS = (
					"$(inherited)",
					"@executable_path/Frameworks",
					"@loader_path/Frameworks",
				);
				PRODUCT_BUNDLE_IDENTIFIER = com.zql.TestDemo.OCToolsTests;
				PRODUCT_NAME = "$(TARGET_NAME)";
				TARGETED_DEVICE_FAMILY = "1,2";
				TEST_HOST = "$(BUILT_PRODUCTS_DIR)/OCTools.app/OCTools";
			};
			name = Release;
		};
		CB6F9F922186A6C700352C60 /* Debug */ = {
			isa = XCBuildConfiguration;
			buildSettings = {
				CODE_SIGN_STYLE = Automatic;
				INFOPLIST_FILE = OCToolsUITests/Info.plist;
				LD_RUNPATH_SEARCH_PATHS = (
					"$(inherited)",
					"@executable_path/Frameworks",
					"@loader_path/Frameworks",
				);
				PRODUCT_BUNDLE_IDENTIFIER = com.zql.TestDemo.OCToolsUITests;
				PRODUCT_NAME = "$(TARGET_NAME)";
				TARGETED_DEVICE_FAMILY = "1,2";
				TEST_TARGET_NAME = OCTools;
			};
			name = Debug;
		};
		CB6F9F932186A6C700352C60 /* Release */ = {
			isa = XCBuildConfiguration;
			buildSettings = {
				CODE_SIGN_STYLE = Automatic;
				INFOPLIST_FILE = OCToolsUITests/Info.plist;
				LD_RUNPATH_SEARCH_PATHS = (
					"$(inherited)",
					"@executable_path/Frameworks",
					"@loader_path/Frameworks",
				);
				PRODUCT_BUNDLE_IDENTIFIER = com.zql.TestDemo.OCToolsUITests;
				PRODUCT_NAME = "$(TARGET_NAME)";
				TARGETED_DEVICE_FAMILY = "1,2";
				TEST_TARGET_NAME = OCTools;
			};
			name = Release;
		};
/* End XCBuildConfiguration section */

/* Begin XCConfigurationList section */
		CB6F9F5A2186A6BC00352C60 /* Build configuration list for PBXProject "OCTools" */ = {
			isa = XCConfigurationList;
			buildConfigurations = (
				CB6F9F892186A6C700352C60 /* Debug */,
				CB6F9F8A2186A6C700352C60 /* Release */,
			);
			defaultConfigurationIsVisible = 0;
			defaultConfigurationName = Release;
		};
		CB6F9F8B2186A6C700352C60 /* Build configuration list for PBXNativeTarget "OCTools" */ = {
			isa = XCConfigurationList;
			buildConfigurations = (
				CB6F9F8C2186A6C700352C60 /* Debug */,
				CB6F9F8D2186A6C700352C60 /* Release */,
			);
			defaultConfigurationIsVisible = 0;
			defaultConfigurationName = Release;
		};
		CB6F9F8E2186A6C700352C60 /* Build configuration list for PBXNativeTarget "OCToolsTests" */ = {
			isa = XCConfigurationList;
			buildConfigurations = (
				CB6F9F8F2186A6C700352C60 /* Debug */,
				CB6F9F902186A6C700352C60 /* Release */,
			);
			defaultConfigurationIsVisible = 0;
			defaultConfigurationName = Release;
		};
		CB6F9F912186A6C700352C60 /* Build configuration list for PBXNativeTarget "OCToolsUITests" */ = {
			isa = XCConfigurationList;
			buildConfigurations = (
				CB6F9F922186A6C700352C60 /* Debug */,
				CB6F9F932186A6C700352C60 /* Release */,
			);
			defaultConfigurationIsVisible = 0;
			defaultConfigurationName = Release;
		};
/* End XCConfigurationList section */
	};
	rootObject = CB6F9F572186A6BC00352C60 /* Project object */;
}
